// !$*UTF8*$!
{
	archiveVersion = 1;
	classes = {
	};
	objectVersion = 50;
	objects = {

/* Begin PBXBuildFile section */
		7B1423487E82E94073E390BA /* Pods_UberClone.framework in Frameworks */ = {isa = PBXBuildFile; fileRef = 137D15E7A9F45DB1725DE59D /* Pods_UberClone.framework */; };
		7D554A26873A60CBD58296B2 /* Pods_UberCloneUITests.framework in Frameworks */ = {isa = PBXBuildFile; fileRef = 445B1A76A03E72578A0A1032 /* Pods_UberCloneUITests.framework */; };
		CE1A517122A1989A0080A19A /* AppDelegate.swift in Sources */ = {isa = PBXBuildFile; fileRef = CE1A517022A1989A0080A19A /* AppDelegate.swift */; };
		CE1A517322A1989A0080A19A /* ViewController.swift in Sources */ = {isa = PBXBuildFile; fileRef = CE1A517222A1989A0080A19A /* ViewController.swift */; };
		CE1A517622A1989A0080A19A /* Main.storyboard in Resources */ = {isa = PBXBuildFile; fileRef = CE1A517422A1989A0080A19A /* Main.storyboard */; };
		CE1A517922A1989A0080A19A /* UberClone.xcdatamodeld in Sources */ = {isa = PBXBuildFile; fileRef = CE1A517722A1989A0080A19A /* UberClone.xcdatamodeld */; };
		CE1A517B22A1989C0080A19A /* Assets.xcassets in Resources */ = {isa = PBXBuildFile; fileRef = CE1A517A22A1989C0080A19A /* Assets.xcassets */; };
		CE1A517E22A1989C0080A19A /* LaunchScreen.storyboard in Resources */ = {isa = PBXBuildFile; fileRef = CE1A517C22A1989C0080A19A /* LaunchScreen.storyboard */; };
		CE1A518922A1989C0080A19A /* UberCloneTests.swift in Sources */ = {isa = PBXBuildFile; fileRef = CE1A518822A1989C0080A19A /* UberCloneTests.swift */; };
		CE1A519422A1989D0080A19A /* UberCloneUITests.swift in Sources */ = {isa = PBXBuildFile; fileRef = CE1A519322A1989D0080A19A /* UberCloneUITests.swift */; };
		CE1A51A222A199220080A19A /* GoogleService-Info.plist in Resources */ = {isa = PBXBuildFile; fileRef = CE1A51A122A199220080A19A /* GoogleService-Info.plist */; };
		CE2DCCD822A6E6E8006CFF76 /* RiderViewController.swift in Sources */ = {isa = PBXBuildFile; fileRef = CE2DCCD722A6E6E8006CFF76 /* RiderViewController.swift */; };
		E09815F2C4F19F03DFE9A10F /* Pods_UberCloneTests.framework in Frameworks */ = {isa = PBXBuildFile; fileRef = 07868439BE7124720B46A913 /* Pods_UberCloneTests.framework */; };
/* End PBXBuildFile section */

/* Begin PBXContainerItemProxy section */
		CE1A518522A1989C0080A19A /* PBXContainerItemProxy */ = {
			isa = PBXContainerItemProxy;
			containerPortal = CE1A516522A1989A0080A19A /* Project object */;
			proxyType = 1;
			remoteGlobalIDString = CE1A516C22A1989A0080A19A;
			remoteInfo = UberClone;
		};
		CE1A519022A1989D0080A19A /* PBXContainerItemProxy */ = {
			isa = PBXContainerItemProxy;
			containerPortal = CE1A516522A1989A0080A19A /* Project object */;
			proxyType = 1;
			remoteGlobalIDString = CE1A516C22A1989A0080A19A;
			remoteInfo = UberClone;
		};
/* End PBXContainerItemProxy section */

/* Begin PBXFileReference section */
		07868439BE7124720B46A913 /* Pods_UberCloneTests.framework */ = {isa = PBXFileReference; explicitFileType = wrapper.framework; includeInIndex = 0; path = Pods_UberCloneTests.framework; sourceTree = BUILT_PRODUCTS_DIR; };
		137D15E7A9F45DB1725DE59D /* Pods_UberClone.framework */ = {isa = PBXFileReference; explicitFileType = wrapper.framework; includeInIndex = 0; path = Pods_UberClone.framework; sourceTree = BUILT_PRODUCTS_DIR; };
		2D13DCF00C5AFC89D7E5FFCF /* Pods-UberCloneUITests.debug.xcconfig */ = {isa = PBXFileReference; includeInIndex = 1; lastKnownFileType = text.xcconfig; name = "Pods-UberCloneUITests.debug.xcconfig"; path = "Pods/Target Support Files/Pods-UberCloneUITests/Pods-UberCloneUITests.debug.xcconfig"; sourceTree = "<group>"; };
		445B1A76A03E72578A0A1032 /* Pods_UberCloneUITests.framework */ = {isa = PBXFileReference; explicitFileType = wrapper.framework; includeInIndex = 0; path = Pods_UberCloneUITests.framework; sourceTree = BUILT_PRODUCTS_DIR; };
		AE8C5F1AFAAB12ED8A2BE4F4 /* Pods-UberCloneUITests.release.xcconfig */ = {isa = PBXFileReference; includeInIndex = 1; lastKnownFileType = text.xcconfig; name = "Pods-UberCloneUITests.release.xcconfig"; path = "Pods/Target Support Files/Pods-UberCloneUITests/Pods-UberCloneUITests.release.xcconfig"; sourceTree = "<group>"; };
		AF71063E97F3451E55C758E2 /* Pods-UberCloneTests.release.xcconfig */ = {isa = PBXFileReference; includeInIndex = 1; lastKnownFileType = text.xcconfig; name = "Pods-UberCloneTests.release.xcconfig"; path = "Pods/Target Support Files/Pods-UberCloneTests/Pods-UberCloneTests.release.xcconfig"; sourceTree = "<group>"; };
		BA41C50690C054EAC8E67013 /* Pods-UberClone.release.xcconfig */ = {isa = PBXFileReference; includeInIndex = 1; lastKnownFileType = text.xcconfig; name = "Pods-UberClone.release.xcconfig"; path = "Pods/Target Support Files/Pods-UberClone/Pods-UberClone.release.xcconfig"; sourceTree = "<group>"; };
		CE1A516D22A1989A0080A19A /* UberClone.app */ = {isa = PBXFileReference; explicitFileType = wrapper.application; includeInIndex = 0; path = UberClone.app; sourceTree = BUILT_PRODUCTS_DIR; };
		CE1A517022A1989A0080A19A /* AppDelegate.swift */ = {isa = PBXFileReference; lastKnownFileType = sourcecode.swift; path = AppDelegate.swift; sourceTree = "<group>"; };
		CE1A517222A1989A0080A19A /* ViewController.swift */ = {isa = PBXFileReference; lastKnownFileType = sourcecode.swift; path = ViewController.swift; sourceTree = "<group>"; };
		CE1A517522A1989A0080A19A /* Base */ = {isa = PBXFileReference; lastKnownFileType = file.storyboard; name = Base; path = Base.lproj/Main.storyboard; sourceTree = "<group>"; };
		CE1A517822A1989A0080A19A /* UberClone.xcdatamodel */ = {isa = PBXFileReference; lastKnownFileType = wrapper.xcdatamodel; path = UberClone.xcdatamodel; sourceTree = "<group>"; };
		CE1A517A22A1989C0080A19A /* Assets.xcassets */ = {isa = PBXFileReference; lastKnownFileType = folder.assetcatalog; path = Assets.xcassets; sourceTree = "<group>"; };
		CE1A517D22A1989C0080A19A /* Base */ = {isa = PBXFileReference; lastKnownFileType = file.storyboard; name = Base; path = Base.lproj/LaunchScreen.storyboard; sourceTree = "<group>"; };
		CE1A517F22A1989C0080A19A /* Info.plist */ = {isa = PBXFileReference; lastKnownFileType = text.plist.xml; path = Info.plist; sourceTree = "<group>"; };
		CE1A518422A1989C0080A19A /* UberCloneTests.xctest */ = {isa = PBXFileReference; explicitFileType = wrapper.cfbundle; includeInIndex = 0; path = UberCloneTests.xctest; sourceTree = BUILT_PRODUCTS_DIR; };
		CE1A518822A1989C0080A19A /* UberCloneTests.swift */ = {isa = PBXFileReference; lastKnownFileType = sourcecode.swift; path = UberCloneTests.swift; sourceTree = "<group>"; };
		CE1A518A22A1989D0080A19A /* Info.plist */ = {isa = PBXFileReference; lastKnownFileType = text.plist.xml; path = Info.plist; sourceTree = "<group>"; };
		CE1A518F22A1989D0080A19A /* UberCloneUITests.xctest */ = {isa = PBXFileReference; explicitFileType = wrapper.cfbundle; includeInIndex = 0; path = UberCloneUITests.xctest; sourceTree = BUILT_PRODUCTS_DIR; };
		CE1A519322A1989D0080A19A /* UberCloneUITests.swift */ = {isa = PBXFileReference; lastKnownFileType = sourcecode.swift; path = UberCloneUITests.swift; sourceTree = "<group>"; };
		CE1A519522A1989D0080A19A /* Info.plist */ = {isa = PBXFileReference; lastKnownFileType = text.plist.xml; path = Info.plist; sourceTree = "<group>"; };
		CE1A51A122A199220080A19A /* GoogleService-Info.plist */ = {isa = PBXFileReference; fileEncoding = 4; lastKnownFileType = text.plist.xml; path = "GoogleService-Info.plist"; sourceTree = "<group>"; };
		CE2DCCD722A6E6E8006CFF76 /* RiderViewController.swift */ = {isa = PBXFileReference; lastKnownFileType = sourcecode.swift; path = RiderViewController.swift; sourceTree = "<group>"; };
		EF15D6965661C54F2C817ABD /* Pods-UberClone.debug.xcconfig */ = {isa = PBXFileReference; includeInIndex = 1; lastKnownFileType = text.xcconfig; name = "Pods-UberClone.debug.xcconfig"; path = "Pods/Target Support Files/Pods-UberClone/Pods-UberClone.debug.xcconfig"; sourceTree = "<group>"; };
		F1EDDCE83AE28AB0442A7DB6 /* Pods-UberCloneTests.debug.xcconfig */ = {isa = PBXFileReference; includeInIndex = 1; lastKnownFileType = text.xcconfig; name = "Pods-UberCloneTests.debug.xcconfig"; path = "Pods/Target Support Files/Pods-UberCloneTests/Pods-UberCloneTests.debug.xcconfig"; sourceTree = "<group>"; };
/* End PBXFileReference section */

/* Begin PBXFrameworksBuildPhase section */
		CE1A516A22A1989A0080A19A /* Frameworks */ = {
			isa = PBXFrameworksBuildPhase;
			buildActionMask = 2147483647;
			files = (
				7B1423487E82E94073E390BA /* Pods_UberClone.framework in Frameworks */,
			);
			runOnlyForDeploymentPostprocessing = 0;
		};
		CE1A518122A1989C0080A19A /* Frameworks */ = {
			isa = PBXFrameworksBuildPhase;
			buildActionMask = 2147483647;
			files = (
				E09815F2C4F19F03DFE9A10F /* Pods_UberCloneTests.framework in Frameworks */,
			);
			runOnlyForDeploymentPostprocessing = 0;
		};
		CE1A518C22A1989D0080A19A /* Frameworks */ = {
			isa = PBXFrameworksBuildPhase;
			buildActionMask = 2147483647;
			files = (
				7D554A26873A60CBD58296B2 /* Pods_UberCloneUITests.framework in Frameworks */,
			);
			runOnlyForDeploymentPostprocessing = 0;
		};
/* End PBXFrameworksBuildPhase section */

/* Begin PBXGroup section */
		65C43A5D6C757228EC6AF9BF /* Frameworks */ = {
			isa = PBXGroup;
			children = (
				137D15E7A9F45DB1725DE59D /* Pods_UberClone.framework */,
				07868439BE7124720B46A913 /* Pods_UberCloneTests.framework */,
				445B1A76A03E72578A0A1032 /* Pods_UberCloneUITests.framework */,
			);
			name = Frameworks;
			sourceTree = "<group>";
		};
		9C82DF11E83C8B3FB7DE83B8 /* Pods */ = {
			isa = PBXGroup;
			children = (
				EF15D6965661C54F2C817ABD /* Pods-UberClone.debug.xcconfig */,
				BA41C50690C054EAC8E67013 /* Pods-UberClone.release.xcconfig */,
				F1EDDCE83AE28AB0442A7DB6 /* Pods-UberCloneTests.debug.xcconfig */,
				AF71063E97F3451E55C758E2 /* Pods-UberCloneTests.release.xcconfig */,
				2D13DCF00C5AFC89D7E5FFCF /* Pods-UberCloneUITests.debug.xcconfig */,
				AE8C5F1AFAAB12ED8A2BE4F4 /* Pods-UberCloneUITests.release.xcconfig */,
			);
			name = Pods;
			sourceTree = "<group>";
		};
		CE1A516422A1989A0080A19A = {
			isa = PBXGroup;
			children = (
				CE1A516F22A1989A0080A19A /* UberClone */,
				CE1A518722A1989C0080A19A /* UberCloneTests */,
				CE1A519222A1989D0080A19A /* UberCloneUITests */,
				CE1A516E22A1989A0080A19A /* Products */,
				9C82DF11E83C8B3FB7DE83B8 /* Pods */,
				65C43A5D6C757228EC6AF9BF /* Frameworks */,
			);
			sourceTree = "<group>";
		};
		CE1A516E22A1989A0080A19A /* Products */ = {
			isa = PBXGroup;
			children = (
				CE1A516D22A1989A0080A19A /* UberClone.app */,
				CE1A518422A1989C0080A19A /* UberCloneTests.xctest */,
				CE1A518F22A1989D0080A19A /* UberCloneUITests.xctest */,
			);
			name = Products;
			sourceTree = "<group>";
		};
		CE1A516F22A1989A0080A19A /* UberClone */ = {
			isa = PBXGroup;
			children = (
				CE1A517022A1989A0080A19A /* AppDelegate.swift */,
				CE1A517222A1989A0080A19A /* ViewController.swift */,
				CE1A517422A1989A0080A19A /* Main.storyboard */,
				CE2DCCD722A6E6E8006CFF76 /* RiderViewController.swift */,
				CE1A517A22A1989C0080A19A /* Assets.xcassets */,
				CE1A517C22A1989C0080A19A /* LaunchScreen.storyboard */,
				CE1A517F22A1989C0080A19A /* Info.plist */,
				CE1A51A122A199220080A19A /* GoogleService-Info.plist */,
				CE1A517722A1989A0080A19A /* UberClone.xcdatamodeld */,
			);
			path = UberClone;
			sourceTree = "<group>";
		};
		CE1A518722A1989C0080A19A /* UberCloneTests */ = {
			isa = PBXGroup;
			children = (
				CE1A518822A1989C0080A19A /* UberCloneTests.swift */,
				CE1A518A22A1989D0080A19A /* Info.plist */,
			);
			path = UberCloneTests;
			sourceTree = "<group>";
		};
		CE1A519222A1989D0080A19A /* UberCloneUITests */ = {
			isa = PBXGroup;
			children = (
				CE1A519322A1989D0080A19A /* UberCloneUITests.swift */,
				CE1A519522A1989D0080A19A /* Info.plist */,
			);
			path = UberCloneUITests;
			sourceTree = "<group>";
		};
/* End PBXGroup section */

/* Begin PBXNativeTarget section */
		CE1A516C22A1989A0080A19A /* UberClone */ = {
			isa = PBXNativeTarget;
			buildConfigurationList = CE1A519822A1989D0080A19A /* Build configuration list for PBXNativeTarget "UberClone" */;
			buildPhases = (
				28D792E1907FA30809B0F75F /* [CP] Check Pods Manifest.lock */,
				CE1A516922A1989A0080A19A /* Sources */,
				CE1A516A22A1989A0080A19A /* Frameworks */,
				CE1A516B22A1989A0080A19A /* Resources */,
				3D72321E2D539AC2DCDFF530 /* [CP] Embed Pods Frameworks */,
			);
			buildRules = (
			);
			dependencies = (
			);
			name = UberClone;
			productName = UberClone;
			productReference = CE1A516D22A1989A0080A19A /* UberClone.app */;
			productType = "com.apple.product-type.application";
		};
		CE1A518322A1989C0080A19A /* UberCloneTests */ = {
			isa = PBXNativeTarget;
			buildConfigurationList = CE1A519B22A1989D0080A19A /* Build configuration list for PBXNativeTarget "UberCloneTests" */;
			buildPhases = (
				680C1CEA9CEA2CEA72BC8590 /* [CP] Check Pods Manifest.lock */,
				CE1A518022A1989C0080A19A /* Sources */,
				CE1A518122A1989C0080A19A /* Frameworks */,
				CE1A518222A1989C0080A19A /* Resources */,
			);
			buildRules = (
			);
			dependencies = (
				CE1A518622A1989C0080A19A /* PBXTargetDependency */,
			);
			name = UberCloneTests;
			productName = UberCloneTests;
			productReference = CE1A518422A1989C0080A19A /* UberCloneTests.xctest */;
			productType = "com.apple.product-type.bundle.unit-test";
		};
		CE1A518E22A1989D0080A19A /* UberCloneUITests */ = {
			isa = PBXNativeTarget;
			buildConfigurationList = CE1A519E22A1989D0080A19A /* Build configuration list for PBXNativeTarget "UberCloneUITests" */;
			buildPhases = (
				25E4E6B28AA7BA935C0CCE72 /* [CP] Check Pods Manifest.lock */,
				CE1A518B22A1989D0080A19A /* Sources */,
				CE1A518C22A1989D0080A19A /* Frameworks */,
				CE1A518D22A1989D0080A19A /* Resources */,
			);
			buildRules = (
			);
			dependencies = (
				CE1A519122A1989D0080A19A /* PBXTargetDependency */,
			);
			name = UberCloneUITests;
			productName = UberCloneUITests;
			productReference = CE1A518F22A1989D0080A19A /* UberCloneUITests.xctest */;
			productType = "com.apple.product-type.bundle.ui-testing";
		};
/* End PBXNativeTarget section */

/* Begin PBXProject section */
		CE1A516522A1989A0080A19A /* Project object */ = {
			isa = PBXProject;
			attributes = {
				LastSwiftUpdateCheck = 1020;
				LastUpgradeCheck = 1020;
				ORGANIZATIONNAME = "Wilmer sinchi";
				TargetAttributes = {
					CE1A516C22A1989A0080A19A = {
						CreatedOnToolsVersion = 10.2;
					};
					CE1A518322A1989C0080A19A = {
						CreatedOnToolsVersion = 10.2;
						TestTargetID = CE1A516C22A1989A0080A19A;
					};
					CE1A518E22A1989D0080A19A = {
						CreatedOnToolsVersion = 10.2;
						TestTargetID = CE1A516C22A1989A0080A19A;
					};
				};
			};
			buildConfigurationList = CE1A516822A1989A0080A19A /* Build configuration list for PBXProject "UberClone" */;
			compatibilityVersion = "Xcode 9.3";
			developmentRegion = en;
			hasScannedForEncodings = 0;
			knownRegions = (
				en,
				Base,
			);
			mainGroup = CE1A516422A1989A0080A19A;
			productRefGroup = CE1A516E22A1989A0080A19A /* Products */;
			projectDirPath = "";
			projectRoot = "";
			targets = (
				CE1A516C22A1989A0080A19A /* UberClone */,
				CE1A518322A1989C0080A19A /* UberCloneTests */,
				CE1A518E22A1989D0080A19A /* UberCloneUITests */,
			);
		};
/* End PBXProject section */

/* Begin PBXResourcesBuildPhase section */
		CE1A516B22A1989A0080A19A /* Resources */ = {
			isa = PBXResourcesBuildPhase;
			buildActionMask = 2147483647;
			files = (
				CE1A517E22A1989C0080A19A /* LaunchScreen.storyboard in Resources */,
				CE1A517B22A1989C0080A19A /* Assets.xcassets in Resources */,
				CE1A51A222A199220080A19A /* GoogleService-Info.plist in Resources */,
				CE1A517622A1989A0080A19A /* Main.storyboard in Resources */,
			);
			runOnlyForDeploymentPostprocessing = 0;
		};
		CE1A518222A1989C0080A19A /* Resources */ = {
			isa = PBXResourcesBuildPhase;
			buildActionMask = 2147483647;
			files = (
			);
			runOnlyForDeploymentPostprocessing = 0;
		};
		CE1A518D22A1989D0080A19A /* Resources */ = {
			isa = PBXResourcesBuildPhase;
			buildActionMask = 2147483647;
			files = (
			);
			runOnlyForDeploymentPostprocessing = 0;
		};
/* End PBXResourcesBuildPhase section */

/* Begin PBXShellScriptBuildPhase section */
		25E4E6B28AA7BA935C0CCE72 /* [CP] Check Pods Manifest.lock */ = {
			isa = PBXShellScriptBuildPhase;
			buildActionMask = 2147483647;
			files = (
			);
			inputPaths = (
				"${PODS_PODFILE_DIR_PATH}/Podfile.lock",
				"${PODS_ROOT}/Manifest.lock",
			);
			name = "[CP] Check Pods Manifest.lock";
			outputPaths = (
				"$(DERIVED_FILE_DIR)/Pods-UberCloneUITests-checkManifestLockResult.txt",
			);
			runOnlyForDeploymentPostprocessing = 0;
			shellPath = /bin/sh;
			shellScript = "diff \"${PODS_PODFILE_DIR_PATH}/Podfile.lock\" \"${PODS_ROOT}/Manifest.lock\" > /dev/null\nif [ $? != 0 ] ; then\n    # print error to STDERR\n    echo \"error: The sandbox is not in sync with the Podfile.lock. Run 'pod install' or update your CocoaPods installation.\" >&2\n    exit 1\nfi\n# This output is used by Xcode 'outputs' to avoid re-running this script phase.\necho \"SUCCESS\" > \"${SCRIPT_OUTPUT_FILE_0}\"\n";
			showEnvVarsInLog = 0;
		};
		28D792E1907FA30809B0F75F /* [CP] Check Pods Manifest.lock */ = {
			isa = PBXShellScriptBuildPhase;
			buildActionMask = 2147483647;
			files = (
			);
			inputPaths = (
				"${PODS_PODFILE_DIR_PATH}/Podfile.lock",
				"${PODS_ROOT}/Manifest.lock",
			);
			name = "[CP] Check Pods Manifest.lock";
			outputPaths = (
				"$(DERIVED_FILE_DIR)/Pods-UberClone-checkManifestLockResult.txt",
			);
			runOnlyForDeploymentPostprocessing = 0;
			shellPath = /bin/sh;
			shellScript = "diff \"${PODS_PODFILE_DIR_PATH}/Podfile.lock\" \"${PODS_ROOT}/Manifest.lock\" > /dev/null\nif [ $? != 0 ] ; then\n    # print error to STDERR\n    echo \"error: The sandbox is not in sync with the Podfile.lock. Run 'pod install' or update your CocoaPods installation.\" >&2\n    exit 1\nfi\n# This output is used by Xcode 'outputs' to avoid re-running this script phase.\necho \"SUCCESS\" > \"${SCRIPT_OUTPUT_FILE_0}\"\n";
			showEnvVarsInLog = 0;
		};
		3D72321E2D539AC2DCDFF530 /* [CP] Embed Pods Frameworks */ = {
			isa = PBXShellScriptBuildPhase;
			buildActionMask = 2147483647;
			files = (
			);
			inputPaths = (
				"${SRCROOT}/Pods/Target Support Files/Pods-UberClone/Pods-UberClone-frameworks.sh",
				"${BUILT_PRODUCTS_DIR}/GTMSessionFetcher/GTMSessionFetcher.framework",
				"${BUILT_PRODUCTS_DIR}/GoogleToolboxForMac/GoogleToolboxForMac.framework",
				"${BUILT_PRODUCTS_DIR}/leveldb-library/leveldb.framework",
				"${BUILT_PRODUCTS_DIR}/nanopb/nanopb.framework",
			);
			name = "[CP] Embed Pods Frameworks";
			outputPaths = (
				"${TARGET_BUILD_DIR}/${FRAMEWORKS_FOLDER_PATH}/GTMSessionFetcher.framework",
				"${TARGET_BUILD_DIR}/${FRAMEWORKS_FOLDER_PATH}/GoogleToolboxForMac.framework",
				"${TARGET_BUILD_DIR}/${FRAMEWORKS_FOLDER_PATH}/leveldb.framework",
				"${TARGET_BUILD_DIR}/${FRAMEWORKS_FOLDER_PATH}/nanopb.framework",
			);
			runOnlyForDeploymentPostprocessing = 0;
			shellPath = /bin/sh;
			shellScript = "\"${SRCROOT}/Pods/Target Support Files/Pods-UberClone/Pods-UberClone-frameworks.sh\"\n";
			showEnvVarsInLog = 0;
		};
		680C1CEA9CEA2CEA72BC8590 /* [CP] Check Pods Manifest.lock */ = {
			isa = PBXShellScriptBuildPhase;
			buildActionMask = 2147483647;
			files = (
			);
			inputPaths = (
				"${PODS_PODFILE_DIR_PATH}/Podfile.lock",
				"${PODS_ROOT}/Manifest.lock",
			);
			name = "[CP] Check Pods Manifest.lock";
			outputPaths = (
				"$(DERIVED_FILE_DIR)/Pods-UberCloneTests-checkManifestLockResult.txt",
			);
			runOnlyForDeploymentPostprocessing = 0;
			shellPath = /bin/sh;
			shellScript = "diff \"${PODS_PODFILE_DIR_PATH}/Podfile.lock\" \"${PODS_ROOT}/Manifest.lock\" > /dev/null\nif [ $? != 0 ] ; then\n    # print error to STDERR\n    echo \"error: The sandbox is not in sync with the Podfile.lock. Run 'pod install' or update your CocoaPods installation.\" >&2\n    exit 1\nfi\n# This output is used by Xcode 'outputs' to avoid re-running this script phase.\necho \"SUCCESS\" > \"${SCRIPT_OUTPUT_FILE_0}\"\n";
			showEnvVarsInLog = 0;
		};
/* End PBXShellScriptBuildPhase section */

/* Begin PBXSourcesBuildPhase section */
		CE1A516922A1989A0080A19A /* Sources */ = {
			isa = PBXSourcesBuildPhase;
			buildActionMask = 2147483647;
			files = (
				CE1A517322A1989A0080A19A /* ViewController.swift in Sources */,
				CE2DCCD822A6E6E8006CFF76 /* RiderViewController.swift in Sources */,
				CE1A517922A1989A0080A19A /* UberClone.xcdatamodeld in Sources */,
				CE1A517122A1989A0080A19A /* AppDelegate.swift in Sources */,
			);
			runOnlyForDeploymentPostprocessing = 0;
		};
		CE1A518022A1989C0080A19A /* Sources */ = {
			isa = PBXSourcesBuildPhase;
			buildActionMask = 2147483647;
			files = (
				CE1A518922A1989C0080A19A /* UberCloneTests.swift in Sources */,
			);
			runOnlyForDeploymentPostprocessing = 0;
		};
		CE1A518B22A1989D0080A19A /* Sources */ = {
			isa = PBXSourcesBuildPhase;
			buildActionMask = 2147483647;
			files = (
				CE1A519422A1989D0080A19A /* UberCloneUITests.swift in Sources */,
			);
			runOnlyForDeploymentPostprocessing = 0;
		};
/* End PBXSourcesBuildPhase section */

/* Begin PBXTargetDependency section */
		CE1A518622A1989C0080A19A /* PBXTargetDependency */ = {
			isa = PBXTargetDependency;
			target = CE1A516C22A1989A0080A19A /* UberClone */;
			targetProxy = CE1A518522A1989C0080A19A /* PBXContainerItemProxy */;
		};
		CE1A519122A1989D0080A19A /* PBXTargetDependency */ = {
			isa = PBXTargetDependency;
			target = CE1A516C22A1989A0080A19A /* UberClone */;
			targetProxy = CE1A519022A1989D0080A19A /* PBXContainerItemProxy */;
		};
/* End PBXTargetDependency section */

/* Begin PBXVariantGroup section */
		CE1A517422A1989A0080A19A /* Main.storyboard */ = {
			isa = PBXVariantGroup;
			children = (
				CE1A517522A1989A0080A19A /* Base */,
			);
			name = Main.storyboard;
			sourceTree = "<group>";
		};
		CE1A517C22A1989C0080A19A /* LaunchScreen.storyboard */ = {
			isa = PBXVariantGroup;
			children = (
				CE1A517D22A1989C0080A19A /* Base */,
			);
			name = LaunchScreen.storyboard;
			sourceTree = "<group>";
		};
/* End PBXVariantGroup section */

/* Begin XCBuildConfiguration section */
		CE1A519622A1989D0080A19A /* Debug */ = {
			isa = XCBuildConfiguration;
			buildSettings = {
				ALWAYS_SEARCH_USER_PATHS = NO;
				CLANG_ANALYZER_NONNULL = YES;
				CLANG_ANALYZER_NUMBER_OBJECT_CONVERSION = YES_AGGRESSIVE;
				CLANG_CXX_LANGUAGE_STANDARD = "gnu++14";
				CLANG_CXX_LIBRARY = "libc++";
				CLANG_ENABLE_MODULES = YES;
				CLANG_ENABLE_OBJC_ARC = YES;
				CLANG_ENABLE_OBJC_WEAK = YES;
				CLANG_WARN_BLOCK_CAPTURE_AUTORELEASING = YES;
				CLANG_WARN_BOOL_CONVERSION = YES;
				CLANG_WARN_COMMA = YES;
				CLANG_WARN_CONSTANT_CONVERSION = YES;
				CLANG_WARN_DEPRECATED_OBJC_IMPLEMENTATIONS = YES;
				CLANG_WARN_DIRECT_OBJC_ISA_USAGE = YES_ERROR;
				CLANG_WARN_DOCUMENTATION_COMMENTS = YES;
				CLANG_WARN_EMPTY_BODY = YES;
				CLANG_WARN_ENUM_CONVERSION = YES;
				CLANG_WARN_INFINITE_RECURSION = YES;
				CLANG_WARN_INT_CONVERSION = YES;
				CLANG_WARN_NON_LITERAL_NULL_CONVERSION = YES;
				CLANG_WARN_OBJC_IMPLICIT_RETAIN_SELF = YES;
				CLANG_WARN_OBJC_LITERAL_CONVERSION = YES;
				CLANG_WARN_OBJC_ROOT_CLASS = YES_ERROR;
				CLANG_WARN_RANGE_LOOP_ANALYSIS = YES;
				CLANG_WARN_STRICT_PROTOTYPES = YES;
				CLANG_WARN_SUSPICIOUS_MOVE = YES;
				CLANG_WARN_UNGUARDED_AVAILABILITY = YES_AGGRESSIVE;
				CLANG_WARN_UNREACHABLE_CODE = YES;
				CLANG_WARN__DUPLICATE_METHOD_MATCH = YES;
				CODE_SIGN_IDENTITY = "iPhone Developer";
				COPY_PHASE_STRIP = NO;
				DEBUG_INFORMATION_FORMAT = dwarf;
				ENABLE_STRICT_OBJC_MSGSEND = YES;
				ENABLE_TESTABILITY = YES;
				GCC_C_LANGUAGE_STANDARD = gnu11;
				GCC_DYNAMIC_NO_PIC = NO;
				GCC_NO_COMMON_BLOCKS = YES;
				GCC_OPTIMIZATION_LEVEL = 0;
				GCC_PREPROCESSOR_DEFINITIONS = (
					"DEBUG=1",
					"$(inherited)",
				);
				GCC_WARN_64_TO_32_BIT_CONVERSION = YES;
				GCC_WARN_ABOUT_RETURN_TYPE = YES_ERROR;
				GCC_WARN_UNDECLARED_SELECTOR = YES;
				GCC_WARN_UNINITIALIZED_AUTOS = YES_AGGRESSIVE;
				GCC_WARN_UNUSED_FUNCTION = YES;
				GCC_WARN_UNUSED_VARIABLE = YES;
				IPHONEOS_DEPLOYMENT_TARGET = 12.2;
				MTL_ENABLE_DEBUG_INFO = INCLUDE_SOURCE;
				MTL_FAST_MATH = YES;
				ONLY_ACTIVE_ARCH = YES;
				SDKROOT = iphoneos;
				SWIFT_ACTIVE_COMPILATION_CONDITIONS = DEBUG;
				SWIFT_OPTIMIZATION_LEVEL = "-Onone";
			};
			name = Debug;
		};
		CE1A519722A1989D0080A19A /* Release */ = {
			isa = XCBuildConfiguration;
			buildSettings = {
				ALWAYS_SEARCH_USER_PATHS = NO;
				CLANG_ANALYZER_NONNULL = YES;
				CLANG_ANALYZER_NUMBER_OBJECT_CONVERSION = YES_AGGRESSIVE;
				CLANG_CXX_LANGUAGE_STANDARD = "gnu++14";
				CLANG_CXX_LIBRARY = "libc++";
				CLANG_ENABLE_MODULES = YES;
				CLANG_ENABLE_OBJC_ARC = YES;
				CLANG_ENABLE_OBJC_WEAK = YES;
				CLANG_WARN_BLOCK_CAPTURE_AUTORELEASING = YES;
				CLANG_WARN_BOOL_CONVERSION = YES;
				CLANG_WARN_COMMA = YES;
				CLANG_WARN_CONSTANT_CONVERSION = YES;
				CLANG_WARN_DEPRECATED_OBJC_IMPLEMENTATIONS = YES;
				CLANG_WARN_DIRECT_OBJC_ISA_USAGE = YES_ERROR;
				CLANG_WARN_DOCUMENTATION_COMMENTS = YES;
				CLANG_WARN_EMPTY_BODY = YES;
				CLANG_WARN_ENUM_CONVERSION = YES;
				CLANG_WARN_INFINITE_RECURSION = YES;
				CLANG_WARN_INT_CONVERSION = YES;
				CLANG_WARN_NON_LITERAL_NULL_CONVERSION = YES;
				CLANG_WARN_OBJC_IMPLICIT_RETAIN_SELF = YES;
				CLANG_WARN_OBJC_LITERAL_CONVERSION = YES;
				CLANG_WARN_OBJC_ROOT_CLASS = YES_ERROR;
				CLANG_WARN_RANGE_LOOP_ANALYSIS = YES;
				CLANG_WARN_STRICT_PROTOTYPES = YES;
				CLANG_WARN_SUSPICIOUS_MOVE = YES;
				CLANG_WARN_UNGUARDED_AVAILABILITY = YES_AGGRESSIVE;
				CLANG_WARN_UNREACHABLE_CODE = YES;
				CLANG_WARN__DUPLICATE_METHOD_MATCH = YES;
				CODE_SIGN_IDENTITY = "iPhone Developer";
				COPY_PHASE_STRIP = NO;
				DEBUG_INFORMATION_FORMAT = "dwarf-with-dsym";
				ENABLE_NS_ASSERTIONS = NO;
				ENABLE_STRICT_OBJC_MSGSEND = YES;
				GCC_C_LANGUAGE_STANDARD = gnu11;
				GCC_NO_COMMON_BLOCKS = YES;
				GCC_WARN_64_TO_32_BIT_CONVERSION = YES;
				GCC_WARN_ABOUT_RETURN_TYPE = YES_ERROR;
				GCC_WARN_UNDECLARED_SELECTOR = YES;
				GCC_WARN_UNINITIALIZED_AUTOS = YES_AGGRESSIVE;
				GCC_WARN_UNUSED_FUNCTION = YES;
				GCC_WARN_UNUSED_VARIABLE = YES;
				IPHONEOS_DEPLOYMENT_TARGET = 12.2;
				MTL_ENABLE_DEBUG_INFO = NO;
				MTL_FAST_MATH = YES;
				SDKROOT = iphoneos;
				SWIFT_COMPILATION_MODE = wholemodule;
				SWIFT_OPTIMIZATION_LEVEL = "-O";
				VALIDATE_PRODUCT = YES;
			};
			name = Release;
		};
		CE1A519922A1989D0080A19A /* Debug */ = {
			isa = XCBuildConfiguration;
			baseConfigurationReference = EF15D6965661C54F2C817ABD /* Pods-UberClone.debug.xcconfig */;
			buildSettings = {
				ASSETCATALOG_COMPILER_APPICON_NAME = AppIcon;
				CODE_SIGN_STYLE = Automatic;
				DEVELOPMENT_TEAM = G9Q29J355M;
				INFOPLIST_FILE = UberClone/Info.plist;
				LD_RUNPATH_SEARCH_PATHS = (
					"$(inherited)",
					"@executable_path/Frameworks",
				);
				PRODUCT_BUNDLE_IDENTIFIER = com.ttt.algoandcoding.UberClone;
				PRODUCT_NAME = "$(TARGET_NAME)";
				SWIFT_VERSION = 5.0;
				TARGETED_DEVICE_FAMILY = "1,2";
			};
			name = Debug;
		};
		CE1A519A22A1989D0080A19A /* Release */ = {
			isa = XCBuildConfiguration;
			baseConfigurationReference = BA41C50690C054EAC8E67013 /* Pods-UberClone.release.xcconfig */;
			buildSettings = {
				ASSETCATALOG_COMPILER_APPICON_NAME = AppIcon;
				CODE_SIGN_STYLE = Automatic;
				DEVELOPMENT_TEAM = G9Q29J355M;
				INFOPLIST_FILE = UberClone/Info.plist;
				LD_RUNPATH_SEARCH_PATHS = (
					"$(inherited)",
					"@executable_path/Frameworks",
				);
				PRODUCT_BUNDLE_IDENTIFIER = com.ttt.algoandcoding.UberClone;
				PRODUCT_NAME = "$(TARGET_NAME)";
				SWIFT_VERSION = 5.0;
				TARGETED_DEVICE_FAMILY = "1,2";
			};
			name = Release;
		};
		CE1A519C22A1989D0080A19A /* Debug */ = {
			isa = XCBuildConfiguration;
			baseConfigurationReference = F1EDDCE83AE28AB0442A7DB6 /* Pods-UberCloneTests.debug.xcconfig */;
			buildSettings = {
				ALWAYS_EMBED_SWIFT_STANDARD_LIBRARIES = YES;
				BUNDLE_LOADER = "$(TEST_HOST)";
				CODE_SIGN_STYLE = Automatic;
				DEVELOPMENT_TEAM = G9Q29J355M;
				INFOPLIST_FILE = UberCloneTests/Info.plist;
				LD_RUNPATH_SEARCH_PATHS = (
					"$(inherited)",
					"@executable_path/Frameworks",
					"@loader_path/Frameworks",
				);
				PRODUCT_BUNDLE_IDENTIFIER = com.ttt.algoandcoding.UberCloneTests;
				PRODUCT_NAME = "$(TARGET_NAME)";
				SWIFT_VERSION = 5.0;
				TARGETED_DEVICE_FAMILY = "1,2";
				TEST_HOST = "$(BUILT_PRODUCTS_DIR)/UberClone.app/UberClone";
			};
			name = Debug;
		};
		CE1A519D22A1989D0080A19A /* Release */ = {
			isa = XCBuildConfiguration;
			baseConfigurationReference = AF71063E97F3451E55C758E2 /* Pods-UberCloneTests.release.xcconfig */;
			buildSettings = {
				ALWAYS_EMBED_SWIFT_STANDARD_LIBRARIES = YES;
				BUNDLE_LOADER = "$(TEST_HOST)";
				CODE_SIGN_STYLE = Automatic;
				DEVELOPMENT_TEAM = G9Q29J355M;
				INFOPLIST_FILE = UberCloneTests/Info.plist;
				LD_RUNPATH_SEARCH_PATHS = (
					"$(inherited)",
					"@executable_path/Frameworks",
					"@loader_path/Frameworks",
				);
				PRODUCT_BUNDLE_IDENTIFIER = com.ttt.algoandcoding.UberCloneTests;
				PRODUCT_NAME = "$(TARGET_NAME)";
				SWIFT_VERSION = 5.0;
				TARGETED_DEVICE_FAMILY = "1,2";
				TEST_HOST = "$(BUILT_PRODUCTS_DIR)/UberClone.app/UberClone";
			};
			name = Release;
		};
		CE1A519F22A1989D0080A19A /* Debug */ = {
			isa = XCBuildConfiguration;
			baseConfigurationReference = 2D13DCF00C5AFC89D7E5FFCF /* Pods-UberCloneUITests.debug.xcconfig */;
			buildSettings = {
				ALWAYS_EMBED_SWIFT_STANDARD_LIBRARIES = YES;
				CODE_SIGN_STYLE = Automatic;
				DEVELOPMENT_TEAM = G9Q29J355M;
				INFOPLIST_FILE = UberCloneUITests/Info.plist;
				LD_RUNPATH_SEARCH_PATHS = (
					"$(inherited)",
					"@executable_path/Frameworks",
					"@loader_path/Frameworks",
				);
				PRODUCT_BUNDLE_IDENTIFIER = com.ttt.algoandcoding.UberCloneUITests;
				PRODUCT_NAME = "$(TARGET_NAME)";
				SWIFT_VERSION = 5.0;
				TARGETED_DEVICE_FAMILY = "1,2";
				TEST_TARGET_NAME = UberClone;
			};
			name = Debug;
		};
		CE1A51A022A1989D0080A19A /* Release */ = {
			isa = XCBuildConfiguration;
			baseConfigurationReference = AE8C5F1AFAAB12ED8A2BE4F4 /* Pods-UberCloneUITests.release.xcconfig */;
			buildSettings = {
				ALWAYS_EMBED_SWIFT_STANDARD_LIBRARIES = YES;
				CODE_SIGN_STYLE = Automatic;
				DEVELOPMENT_TEAM = G9Q29J355M;
				INFOPLIST_FILE = UberCloneUITests/Info.plist;
				LD_RUNPATH_SEARCH_PATHS = (
					"$(inherited)",
					"@executable_path/Frameworks",
					"@loader_path/Frameworks",
				);
				PRODUCT_BUNDLE_IDENTIFIER = com.ttt.algoandcoding.UberCloneUITests;
				PRODUCT_NAME = "$(TARGET_NAME)";
				SWIFT_VERSION = 5.0;
				TARGETED_DEVICE_FAMILY = "1,2";
				TEST_TARGET_NAME = UberClone;
			};
			name = Release;
		};
/* End XCBuildConfiguration section */

/* Begin XCConfigurationList section */
		CE1A516822A1989A0080A19A /* Build configuration list for PBXProject "UberClone" */ = {
			isa = XCConfigurationList;
			buildConfigurations = (
				CE1A519622A1989D0080A19A /* Debug */,
				CE1A519722A1989D0080A19A /* Release */,
			);
			defaultConfigurationIsVisible = 0;
			defaultConfigurationName = Release;
		};
		CE1A519822A1989D0080A19A /* Build configuration list for PBXNativeTarget "UberClone" */ = {
			isa = XCConfigurationList;
			buildConfigurations = (
				CE1A519922A1989D0080A19A /* Debug */,
				CE1A519A22A1989D0080A19A /* Release */,
			);
			defaultConfigurationIsVisible = 0;
			defaultConfigurationName = Release;
		};
		CE1A519B22A1989D0080A19A /* Build configuration list for PBXNativeTarget "UberCloneTests" */ = {
			isa = XCConfigurationList;
			buildConfigurations = (
				CE1A519C22A1989D0080A19A /* Debug */,
				CE1A519D22A1989D0080A19A /* Release */,
			);
			defaultConfigurationIsVisible = 0;
			defaultConfigurationName = Release;
		};
		CE1A519E22A1989D0080A19A /* Build configuration list for PBXNativeTarget "UberCloneUITests" */ = {
			isa = XCConfigurationList;
			buildConfigurations = (
				CE1A519F22A1989D0080A19A /* Debug */,
				CE1A51A022A1989D0080A19A /* Release */,
			);
			defaultConfigurationIsVisible = 0;
			defaultConfigurationName = Release;
		};
/* End XCConfigurationList section */

/* Begin XCVersionGroup section */
		CE1A517722A1989A0080A19A /* UberClone.xcdatamodeld */ = {
			isa = XCVersionGroup;
			children = (
				CE1A517822A1989A0080A19A /* UberClone.xcdatamodel */,
			);
			currentVersion = CE1A517822A1989A0080A19A /* UberClone.xcdatamodel */;
			path = UberClone.xcdatamodeld;
			sourceTree = "<group>";
			versionGroupType = wrapper.xcdatamodel;
		};
/* End XCVersionGroup section */
	};
	rootObject = CE1A516522A1989A0080A19A /* Project object */;
}
